
Microsoft Visual Studio Solution File, Format Version 12.00
# Visual Studio Version 16
VisualStudioVersion = 16.0.30517.126
MinimumVisualStudioVersion = 10.0.40219.1
Project("{FAE04EC0-301F-11D3-BF4B-00C04F79EFBC}") = "Functions_1", "Functions_1\Functions_1.csproj", "{8C1CA182-BE9E-4305-9D09-C96EE8FB8354}"
EndProject
Global
	GlobalSection(SolutionConfigurationPlatforms) = preSolution
		Debug|Any CPU = Debug|Any CPU
		Release|Any CPU = Release|Any CPU
	EndGlobalSection
	GlobalSection(ProjectConfigurationPlatforms) = postSolution
		{8C1CA182-BE9E-4305-9D09-C96EE8FB8354}.Debug|Any CPU.ActiveCfg = Debug|Any CPU
		{8C1CA182-BE9E-4305-9D09-C96EE8FB8354}.Debug|Any CPU.Build.0 = Debug|Any CPU
		{8C1CA182-BE9E-4305-9D09-C96EE8FB8354}.Release|Any CPU.ActiveCfg = Release|Any CPU
		{8C1CA182-BE9E-4305-9D09-C96EE8FB8354}.Release|Any CPU.Build.0 = Release|Any CPU
	EndGlobalSection
	GlobalSection(SolutionProperties) = preSolution
		HideSolutionNode = FALSE
	EndGlobalSection
	GlobalSection(ExtensibilityGlobals) = postSolution
		SolutionGuid = {2BC24A75-B52D-41EE-9C3A-D460853E46CF}
	EndGlobalSection
EndGlobal
